{
  "round_id": "round_button_placement_audit_r1",
  "schema_version": 2,
  "started_at": "2026-04-25T15:58:43.294941+00:00",
  "status": "active",
  "operators": {
    "claude_code": {
      "session": "this-session",
      "role_default": "implementer"
    },
    "codex": {
      "session": "",
      "role_default": "designer_reviewer"
    }
  },
  "base_commit": "1276a7e1b6cb418044a03f3c0c5121a3b0d8ad31",
  "hashes": {
    "spec.md": "sha256:b3c85f057cccf5527e565c358a2f48d1fbec14e9faa060f7a25729a350726217",
    "file_whitelist.txt": "sha256:1ab82ac9ab774c100db7769adb2a20fbe4803de5662ba545290a23dfd80a60f8",
    "convention_version.txt": "sha256:ae1b4b50d9629aa309bf3e2c67d756504dac5a8b943da226ed03dab1c1d4dd84",
    "lint_config.txt": "sha256:f3d820df87654ce4d7ab2748bf0ce25ca34924e147e0f196b6cdafd496dbfd46",
    "acceptance.md": "sha256:62e08f069c3e9c6758afd0860305ef168d70988766ba0c994028f8cc1389474e",
    "eval_protocol.md": "sha256:f2702a2ccca88605910818d43276c9447c3af4c749fcc247c932ea42d10a82c0"
  },
  "amendments": [],
  "stages_completed": [],
  "gate_evidence_sha256": null,
  "closed_at": null
}
